
Microsoft Visual Studio Solution File, Format Version 12.00
# Visual Studio Version 17
VisualStudioVersion = 17.1.32421.90
MinimumVisualStudioVersion = 10.0.40219.1
Project("{FAE04EC0-301F-11D3-BF4B-00C04F79EFBC}") = "HTTPRestAPI", "HTTPRestAPI.csproj", "{9342E42C-0281-4C25-80F1-503814072A5B}"
EndProject
Global
	GlobalSection(SolutionConfigurationPlatforms) = preSolution
		Debug|Any CPU = Debug|Any CPU
		Release|Any CPU = Release|Any CPU
	EndGlobalSection
	GlobalSection(ProjectConfigurationPlatforms) = postSolution
		{9342E42C-0281-4C25-80F1-503814072A5B}.Debug|Any CPU.ActiveCfg = Debug|Any CPU
		{9342E42C-0281-4C25-80F1-503814072A5B}.Debug|Any CPU.Build.0 = Debug|Any CPU
		{9342E42C-0281-4C25-80F1-503814072A5B}.Release|Any CPU.ActiveCfg = Release|Any CPU
		{9342E42C-0281-4C25-80F1-503814072A5B}.Release|Any CPU.Build.0 = Release|Any CPU
	EndGlobalSection
	GlobalSection(SolutionProperties) = preSolution
		HideSolutionNode = FALSE
	EndGlobalSection
	GlobalSection(ExtensibilityGlobals) = postSolution
		SolutionGuid = {02C90DAA-9232-4AFA-AD03-D1CAA955FC62}
	EndGlobalSection
EndGlobal
